// !$*UTF8*$!
{
	archiveVersion = 1;
	classes = {
	};
	objectVersion = 50;
	objects = {

/* Begin PBXBuildFile section */
		7FD8B4F32608FD0600822960 /* informes.xcdatamodeld in Sources */ = {isa = PBXBuildFile; fileRef = 7FD8B4DD2608FCFB00822960 /* informes.xcdatamodeld */; };
		7FD8B4F42608FD0600822960 /* informes.xcdatamodeld in Sources */ = {isa = PBXBuildFile; fileRef = 7FD8B4DD2608FCFB00822960 /* informes.xcdatamodeld */; };
		7FD8B4F52608FD0600822960 /* informesApp.swift in Sources */ = {isa = PBXBuildFile; fileRef = 7FD8B4DF2608FCFB00822960 /* informesApp.swift */; };
		7FD8B4F62608FD0600822960 /* informesApp.swift in Sources */ = {isa = PBXBuildFile; fileRef = 7FD8B4DF2608FCFB00822960 /* informesApp.swift */; };
		7FD8B4F72608FD0600822960 /* ContentView.swift in Sources */ = {isa = PBXBuildFile; fileRef = 7FD8B4E02608FCFB00822960 /* ContentView.swift */; };
		7FD8B4F82608FD0600822960 /* ContentView.swift in Sources */ = {isa = PBXBuildFile; fileRef = 7FD8B4E02608FCFB00822960 /* ContentView.swift */; };
		7FD8B4F92608FD0600822960 /* Persistence.swift in Sources */ = {isa = PBXBuildFile; fileRef = 7FD8B4E12608FCFB00822960 /* Persistence.swift */; };
		7FD8B4FA2608FD0600822960 /* Persistence.swift in Sources */ = {isa = PBXBuildFile; fileRef = 7FD8B4E12608FCFB00822960 /* Persistence.swift */; };
		7FD8B4FB2608FD0600822960 /* Assets.xcassets in Resources */ = {isa = PBXBuildFile; fileRef = 7FD8B4E22608FD0600822960 /* Assets.xcassets */; };
		7FD8B4FC2608FD0600822960 /* Assets.xcassets in Resources */ = {isa = PBXBuildFile; fileRef = 7FD8B4E22608FD0600822960 /* Assets.xcassets */; };
		7FD8B5112609034200822960 /* Report+CoreDataClass.swift in Sources */ = {isa = PBXBuildFile; fileRef = 7FD8B50D2609034100822960 /* Report+CoreDataClass.swift */; };
		7FD8B5122609034200822960 /* Report+CoreDataClass.swift in Sources */ = {isa = PBXBuildFile; fileRef = 7FD8B50D2609034100822960 /* Report+CoreDataClass.swift */; };
		7FD8B5132609034200822960 /* Report+CoreDataProperties.swift in Sources */ = {isa = PBXBuildFile; fileRef = 7FD8B50E2609034200822960 /* Report+CoreDataProperties.swift */; };
		7FD8B5142609034200822960 /* Report+CoreDataProperties.swift in Sources */ = {isa = PBXBuildFile; fileRef = 7FD8B50E2609034200822960 /* Report+CoreDataProperties.swift */; };
		7FD8B5152609034200822960 /* Publisher+CoreDataClass.swift in Sources */ = {isa = PBXBuildFile; fileRef = 7FD8B50F2609034200822960 /* Publisher+CoreDataClass.swift */; };
		7FD8B5162609034200822960 /* Publisher+CoreDataClass.swift in Sources */ = {isa = PBXBuildFile; fileRef = 7FD8B50F2609034200822960 /* Publisher+CoreDataClass.swift */; };
		7FD8B52B260907B100822960 /* DateFormatterExtension.swift in Sources */ = {isa = PBXBuildFile; fileRef = 7FD8B52A260907B100822960 /* DateFormatterExtension.swift */; };
		7FD8B52C260907B100822960 /* DateFormatterExtension.swift in Sources */ = {isa = PBXBuildFile; fileRef = 7FD8B52A260907B100822960 /* DateFormatterExtension.swift */; };
		7FD8B53626090E2600822960 /* Publisher+CoreDataProperties.swift in Sources */ = {isa = PBXBuildFile; fileRef = 7FD8B53326090E2600822960 /* Publisher+CoreDataProperties.swift */; };
		7FD8B53726090E2600822960 /* Publisher+CoreDataProperties.swift in Sources */ = {isa = PBXBuildFile; fileRef = 7FD8B53326090E2600822960 /* Publisher+CoreDataProperties.swift */; };
		7FD8B54126090EB800822960 /* SideBarNavigation.swift in Sources */ = {isa = PBXBuildFile; fileRef = 7FD8B54026090EB800822960 /* SideBarNavigation.swift */; };
		7FD8B54226090EB800822960 /* SideBarNavigation.swift in Sources */ = {isa = PBXBuildFile; fileRef = 7FD8B54026090EB800822960 /* SideBarNavigation.swift */; };
		7FD8B546260910B600822960 /* TabBarNavigation.swift in Sources */ = {isa = PBXBuildFile; fileRef = 7FD8B545260910B500822960 /* TabBarNavigation.swift */; };
		7FD8B547260910B600822960 /* TabBarNavigation.swift in Sources */ = {isa = PBXBuildFile; fileRef = 7FD8B545260910B500822960 /* TabBarNavigation.swift */; };
		7FD8B54F2609124E00822960 /* PublishersList.swift in Sources */ = {isa = PBXBuildFile; fileRef = 7FD8B54E2609124D00822960 /* PublishersList.swift */; };
		7FD8B5502609124E00822960 /* PublishersList.swift in Sources */ = {isa = PBXBuildFile; fileRef = 7FD8B54E2609124D00822960 /* PublishersList.swift */; };
		7FD8B5542609127A00822960 /* PublishersRow.swift in Sources */ = {isa = PBXBuildFile; fileRef = 7FD8B5532609127A00822960 /* PublishersRow.swift */; };
		7FD8B5552609127A00822960 /* PublishersRow.swift in Sources */ = {isa = PBXBuildFile; fileRef = 7FD8B5532609127A00822960 /* PublishersRow.swift */; };
		7FD8B559260912A600822960 /* PublishersNewForm.swift in Sources */ = {isa = PBXBuildFile; fileRef = 7FD8B558260912A600822960 /* PublishersNewForm.swift */; };
		7FD8B55A260912A600822960 /* PublishersNewForm.swift in Sources */ = {isa = PBXBuildFile; fileRef = 7FD8B558260912A600822960 /* PublishersNewForm.swift */; };
		7FD8B55E26091C0000822960 /* PublishersDetail.swift in Sources */ = {isa = PBXBuildFile; fileRef = 7FD8B55D26091BFF00822960 /* PublishersDetail.swift */; };
		7FD8B55F26091C0000822960 /* PublishersDetail.swift in Sources */ = {isa = PBXBuildFile; fileRef = 7FD8B55D26091BFF00822960 /* PublishersDetail.swift */; };
		7FD8B56726091EEE00822960 /* CloudKit.framework in Frameworks */ = {isa = PBXBuildFile; fileRef = 7FD8B56626091EEE00822960 /* CloudKit.framework */; };
		7FD8B56926091F2300822960 /* CloudKit.framework in Frameworks */ = {isa = PBXBuildFile; fileRef = 7FD8B56826091F2200822960 /* CloudKit.framework */; };
/* End PBXBuildFile section */

/* Begin PBXFileReference section */
		7FD8B4DE2608FCFB00822960 /* Shared.xcdatamodel */ = {isa = PBXFileReference; lastKnownFileType = wrapper.xcdatamodel; path = Shared.xcdatamodel; sourceTree = "<group>"; };
		7FD8B4DF2608FCFB00822960 /* informesApp.swift */ = {isa = PBXFileReference; lastKnownFileType = sourcecode.swift; path = informesApp.swift; sourceTree = "<group>"; };
		7FD8B4E02608FCFB00822960 /* ContentView.swift */ = {isa = PBXFileReference; lastKnownFileType = sourcecode.swift; path = ContentView.swift; sourceTree = "<group>"; };
		7FD8B4E12608FCFB00822960 /* Persistence.swift */ = {isa = PBXFileReference; lastKnownFileType = sourcecode.swift; path = Persistence.swift; sourceTree = "<group>"; };
		7FD8B4E22608FD0600822960 /* Assets.xcassets */ = {isa = PBXFileReference; lastKnownFileType = folder.assetcatalog; path = Assets.xcassets; sourceTree = "<group>"; };
		7FD8B4E72608FD0600822960 /* informes.app */ = {isa = PBXFileReference; explicitFileType = wrapper.application; includeInIndex = 0; path = informes.app; sourceTree = BUILT_PRODUCTS_DIR; };
		7FD8B4EA2608FD0600822960 /* Info.plist */ = {isa = PBXFileReference; lastKnownFileType = text.plist.xml; path = Info.plist; sourceTree = "<group>"; };
		7FD8B4EF2608FD0600822960 /* informes.app */ = {isa = PBXFileReference; explicitFileType = wrapper.application; includeInIndex = 0; path = informes.app; sourceTree = BUILT_PRODUCTS_DIR; };
		7FD8B4F12608FD0600822960 /* Info.plist */ = {isa = PBXFileReference; lastKnownFileType = text.plist.xml; path = Info.plist; sourceTree = "<group>"; };
		7FD8B4F22608FD0600822960 /* macOS.entitlements */ = {isa = PBXFileReference; lastKnownFileType = text.plist.entitlements; path = macOS.entitlements; sourceTree = "<group>"; };
		7FD8B50D2609034100822960 /* Report+CoreDataClass.swift */ = {isa = PBXFileReference; lastKnownFileType = sourcecode.swift; path = "Report+CoreDataClass.swift"; sourceTree = "<group>"; };
		7FD8B50E2609034200822960 /* Report+CoreDataProperties.swift */ = {isa = PBXFileReference; lastKnownFileType = sourcecode.swift; path = "Report+CoreDataProperties.swift"; sourceTree = "<group>"; };
		7FD8B50F2609034200822960 /* Publisher+CoreDataClass.swift */ = {isa = PBXFileReference; lastKnownFileType = sourcecode.swift; path = "Publisher+CoreDataClass.swift"; sourceTree = "<group>"; };
		7FD8B52A260907B100822960 /* DateFormatterExtension.swift */ = {isa = PBXFileReference; fileEncoding = 4; lastKnownFileType = sourcecode.swift; path = DateFormatterExtension.swift; sourceTree = "<group>"; };
		7FD8B53326090E2600822960 /* Publisher+CoreDataProperties.swift */ = {isa = PBXFileReference; lastKnownFileType = sourcecode.swift; path = "Publisher+CoreDataProperties.swift"; sourceTree = "<group>"; };
		7FD8B54026090EB800822960 /* SideBarNavigation.swift */ = {isa = PBXFileReference; lastKnownFileType = sourcecode.swift; path = SideBarNavigation.swift; sourceTree = "<group>"; };
		7FD8B545260910B500822960 /* TabBarNavigation.swift */ = {isa = PBXFileReference; lastKnownFileType = sourcecode.swift; path = TabBarNavigation.swift; sourceTree = "<group>"; };
		7FD8B54E2609124D00822960 /* PublishersList.swift */ = {isa = PBXFileReference; lastKnownFileType = sourcecode.swift; path = PublishersList.swift; sourceTree = "<group>"; };
		7FD8B5532609127A00822960 /* PublishersRow.swift */ = {isa = PBXFileReference; lastKnownFileType = sourcecode.swift; path = PublishersRow.swift; sourceTree = "<group>"; };
		7FD8B558260912A600822960 /* PublishersNewForm.swift */ = {isa = PBXFileReference; lastKnownFileType = sourcecode.swift; path = PublishersNewForm.swift; sourceTree = "<group>"; };
		7FD8B55D26091BFF00822960 /* PublishersDetail.swift */ = {isa = PBXFileReference; lastKnownFileType = sourcecode.swift; path = PublishersDetail.swift; sourceTree = "<group>"; };
		7FD8B56226091EE600822960 /* informes.entitlements */ = {isa = PBXFileReference; lastKnownFileType = text.plist.entitlements; path = informes.entitlements; sourceTree = "<group>"; };
		7FD8B56626091EEE00822960 /* CloudKit.framework */ = {isa = PBXFileReference; lastKnownFileType = wrapper.framework; name = CloudKit.framework; path = Platforms/iPhoneOS.platform/Developer/SDKs/iPhoneOS14.4.sdk/System/Library/Frameworks/CloudKit.framework; sourceTree = DEVELOPER_DIR; };
		7FD8B56826091F2200822960 /* CloudKit.framework */ = {isa = PBXFileReference; lastKnownFileType = wrapper.framework; name = CloudKit.framework; path = System/Library/Frameworks/CloudKit.framework; sourceTree = SDKROOT; };
/* End PBXFileReference section */

/* Begin PBXFrameworksBuildPhase section */
		7FD8B4E42608FD0600822960 /* Frameworks */ = {
			isa = PBXFrameworksBuildPhase;
			buildActionMask = 2147483647;
			files = (
				7FD8B56726091EEE00822960 /* CloudKit.framework in Frameworks */,
			);
			runOnlyForDeploymentPostprocessing = 0;
		};
		7FD8B4EC2608FD0600822960 /* Frameworks */ = {
			isa = PBXFrameworksBuildPhase;
			buildActionMask = 2147483647;
			files = (
				7FD8B56926091F2300822960 /* CloudKit.framework in Frameworks */,
			);
			runOnlyForDeploymentPostprocessing = 0;
		};
/* End PBXFrameworksBuildPhase section */

/* Begin PBXGroup section */
		7FD8B4D72608FCF800822960 = {
			isa = PBXGroup;
			children = (
				7FD8B56226091EE600822960 /* informes.entitlements */,
				7FD8B4DC2608FCFB00822960 /* Shared */,
				7FD8B4E92608FD0600822960 /* iOS */,
				7FD8B4F02608FD0600822960 /* macOS */,
				7FD8B4E82608FD0600822960 /* Products */,
				7FD8B56526091EEE00822960 /* Frameworks */,
			);
			sourceTree = "<group>";
		};
		7FD8B4DC2608FCFB00822960 /* Shared */ = {
			isa = PBXGroup;
			children = (
				7FD8B5072608FE4500822960 /* Aplication */,
				7FD8B5092608FECA00822960 /* ViewModel */,
				7FD8B5082608FEC100822960 /* Views */,
				7FD8B50A2608FEDA00822960 /* Models */,
				7FD8B4E22608FD0600822960 /* Assets.xcassets */,
			);
			path = Shared;
			sourceTree = "<group>";
		};
		7FD8B4E82608FD0600822960 /* Products */ = {
			isa = PBXGroup;
			children = (
				7FD8B4E72608FD0600822960 /* informes.app */,
				7FD8B4EF2608FD0600822960 /* informes.app */,
			);
			name = Products;
			sourceTree = "<group>";
		};
		7FD8B4E92608FD0600822960 /* iOS */ = {
			isa = PBXGroup;
			children = (
				7FD8B4EA2608FD0600822960 /* Info.plist */,
			);
			path = iOS;
			sourceTree = "<group>";
		};
		7FD8B4F02608FD0600822960 /* macOS */ = {
			isa = PBXGroup;
			children = (
				7FD8B4F12608FD0600822960 /* Info.plist */,
				7FD8B4F22608FD0600822960 /* macOS.entitlements */,
			);
			path = macOS;
			sourceTree = "<group>";
		};
		7FD8B5072608FE4500822960 /* Aplication */ = {
			isa = PBXGroup;
			children = (
				7FD8B52F260907B500822960 /* Extensions */,
				7FD8B4E02608FCFB00822960 /* ContentView.swift */,
				7FD8B4DF2608FCFB00822960 /* informesApp.swift */,
			);
			path = Aplication;
			sourceTree = "<group>";
		};
		7FD8B5082608FEC100822960 /* Views */ = {
			isa = PBXGroup;
			children = (
				7FD8B54D2609122B00822960 /* Publisher */,
				7FD8B54C2609121C00822960 /* Navigation */,
			);
			path = Views;
			sourceTree = "<group>";
		};
		7FD8B5092608FECA00822960 /* ViewModel */ = {
			isa = PBXGroup;
			children = (
				7FD8B4E12608FCFB00822960 /* Persistence.swift */,
			);
			path = ViewModel;
			sourceTree = "<group>";
		};
		7FD8B50A2608FEDA00822960 /* Models */ = {
			isa = PBXGroup;
			children = (
				7FD8B51E2609036100822960 /* Report */,
				7FD8B51D2609035900822960 /* Publisher */,
				7FD8B4DD2608FCFB00822960 /* informes.xcdatamodeld */,
			);
			path = Models;
			sourceTree = "<group>";
		};
		7FD8B51D2609035900822960 /* Publisher */ = {
			isa = PBXGroup;
			children = (
				7FD8B50F2609034200822960 /* Publisher+CoreDataClass.swift */,
				7FD8B53326090E2600822960 /* Publisher+CoreDataProperties.swift */,
			);
			path = Publisher;
			sourceTree = "<group>";
		};
		7FD8B51E2609036100822960 /* Report */ = {
			isa = PBXGroup;
			children = (
				7FD8B50D2609034100822960 /* Report+CoreDataClass.swift */,
				7FD8B50E2609034200822960 /* Report+CoreDataProperties.swift */,
			);
			path = Report;
			sourceTree = "<group>";
		};
		7FD8B52F260907B500822960 /* Extensions */ = {
			isa = PBXGroup;
			children = (
				7FD8B52A260907B100822960 /* DateFormatterExtension.swift */,
			);
			path = Extensions;
			sourceTree = "<group>";
		};
		7FD8B54C2609121C00822960 /* Navigation */ = {
			isa = PBXGroup;
			children = (
				7FD8B54026090EB800822960 /* SideBarNavigation.swift */,
				7FD8B545260910B500822960 /* TabBarNavigation.swift */,
			);
			path = Navigation;
			sourceTree = "<group>";
		};
		7FD8B54D2609122B00822960 /* Publisher */ = {
			isa = PBXGroup;
			children = (
				7FD8B54E2609124D00822960 /* PublishersList.swift */,
				7FD8B55D26091BFF00822960 /* PublishersDetail.swift */,
				7FD8B558260912A600822960 /* PublishersNewForm.swift */,
				7FD8B5532609127A00822960 /* PublishersRow.swift */,
			);
			path = Publisher;
			sourceTree = "<group>";
		};
		7FD8B56526091EEE00822960 /* Frameworks */ = {
			isa = PBXGroup;
			children = (
				7FD8B56826091F2200822960 /* CloudKit.framework */,
				7FD8B56626091EEE00822960 /* CloudKit.framework */,
			);
			name = Frameworks;
			sourceTree = "<group>";
		};
/* End PBXGroup section */

/* Begin PBXNativeTarget section */
		7FD8B4E62608FD0600822960 /* informes (iOS) */ = {
			isa = PBXNativeTarget;
			buildConfigurationList = 7FD8B4FF2608FD0600822960 /* Build configuration list for PBXNativeTarget "informes (iOS)" */;
			buildPhases = (
				7FD8B4E32608FD0600822960 /* Sources */,
				7FD8B4E42608FD0600822960 /* Frameworks */,
				7FD8B4E52608FD0600822960 /* Resources */,
			);
			buildRules = (
			);
			dependencies = (
			);
			name = "informes (iOS)";
			productName = "informes (iOS)";
			productReference = 7FD8B4E72608FD0600822960 /* informes.app */;
			productType = "com.apple.product-type.application";
		};
		7FD8B4EE2608FD0600822960 /* informes (macOS) */ = {
			isa = PBXNativeTarget;
			buildConfigurationList = 7FD8B5022608FD0600822960 /* Build configuration list for PBXNativeTarget "informes (macOS)" */;
			buildPhases = (
				7FD8B4EB2608FD0600822960 /* Sources */,
				7FD8B4EC2608FD0600822960 /* Frameworks */,
				7FD8B4ED2608FD0600822960 /* Resources */,
			);
			buildRules = (
			);
			dependencies = (
			);
			name = "informes (macOS)";
			productName = "informes (macOS)";
			productReference = 7FD8B4EF2608FD0600822960 /* informes.app */;
			productType = "com.apple.product-type.application";
		};
/* End PBXNativeTarget section */

/* Begin PBXProject section */
		7FD8B4D82608FCF800822960 /* Project object */ = {
			isa = PBXProject;
			attributes = {
				LastSwiftUpdateCheck = 1240;
				LastUpgradeCheck = 1240;
				TargetAttributes = {
					7FD8B4E62608FD0600822960 = {
						CreatedOnToolsVersion = 12.4;
					};
					7FD8B4EE2608FD0600822960 = {
						CreatedOnToolsVersion = 12.4;
					};
				};
			};
			buildConfigurationList = 7FD8B4DB2608FCF900822960 /* Build configuration list for PBXProject "informes" */;
			compatibilityVersion = "Xcode 9.3";
			developmentRegion = en;
			hasScannedForEncodings = 0;
			knownRegions = (
				en,
				Base,
			);
			mainGroup = 7FD8B4D72608FCF800822960;
			productRefGroup = 7FD8B4E82608FD0600822960 /* Products */;
			projectDirPath = "";
			projectRoot = "";
			targets = (
				7FD8B4E62608FD0600822960 /* informes (iOS) */,
				7FD8B4EE2608FD0600822960 /* informes (macOS) */,
			);
		};
/* End PBXProject section */

/* Begin PBXResourcesBuildPhase section */
		7FD8B4E52608FD0600822960 /* Resources */ = {
			isa = PBXResourcesBuildPhase;
			buildActionMask = 2147483647;
			files = (
				7FD8B4FB2608FD0600822960 /* Assets.xcassets in Resources */,
			);
			runOnlyForDeploymentPostprocessing = 0;
		};
		7FD8B4ED2608FD0600822960 /* Resources */ = {
			isa = PBXResourcesBuildPhase;
			buildActionMask = 2147483647;
			files = (
				7FD8B4FC2608FD0600822960 /* Assets.xcassets in Resources */,
			);
			runOnlyForDeploymentPostprocessing = 0;
		};
/* End PBXResourcesBuildPhase section */

/* Begin PBXSourcesBuildPhase section */
		7FD8B4E32608FD0600822960 /* Sources */ = {
			isa = PBXSourcesBuildPhase;
			buildActionMask = 2147483647;
			files = (
				7FD8B54126090EB800822960 /* SideBarNavigation.swift in Sources */,
				7FD8B4F52608FD0600822960 /* informesApp.swift in Sources */,
				7FD8B5132609034200822960 /* Report+CoreDataProperties.swift in Sources */,
				7FD8B52B260907B100822960 /* DateFormatterExtension.swift in Sources */,
				7FD8B54F2609124E00822960 /* PublishersList.swift in Sources */,
				7FD8B559260912A600822960 /* PublishersNewForm.swift in Sources */,
				7FD8B53626090E2600822960 /* Publisher+CoreDataProperties.swift in Sources */,
				7FD8B5152609034200822960 /* Publisher+CoreDataClass.swift in Sources */,
				7FD8B5542609127A00822960 /* PublishersRow.swift in Sources */,
				7FD8B55E26091C0000822960 /* PublishersDetail.swift in Sources */,
				7FD8B4F92608FD0600822960 /* Persistence.swift in Sources */,
				7FD8B4F32608FD0600822960 /* informes.xcdatamodeld in Sources */,
				7FD8B4F72608FD0600822960 /* ContentView.swift in Sources */,
				7FD8B5112609034200822960 /* Report+CoreDataClass.swift in Sources */,
				7FD8B546260910B600822960 /* TabBarNavigation.swift in Sources */,
			);
			runOnlyForDeploymentPostprocessing = 0;
		};
		7FD8B4EB2608FD0600822960 /* Sources */ = {
			isa = PBXSourcesBuildPhase;
			buildActionMask = 2147483647;
			files = (
				7FD8B54226090EB800822960 /* SideBarNavigation.swift in Sources */,
				7FD8B4F62608FD0600822960 /* informesApp.swift in Sources */,
				7FD8B5142609034200822960 /* Report+CoreDataProperties.swift in Sources */,
				7FD8B52C260907B100822960 /* DateFormatterExtension.swift in Sources */,
				7FD8B5502609124E00822960 /* PublishersList.swift in Sources */,
				7FD8B55A260912A600822960 /* PublishersNewForm.swift in Sources */,
				7FD8B53726090E2600822960 /* Publisher+CoreDataProperties.swift in Sources */,
				7FD8B5162609034200822960 /* Publisher+CoreDataClass.swift in Sources */,
				7FD8B5552609127A00822960 /* PublishersRow.swift in Sources */,
				7FD8B55F26091C0000822960 /* PublishersDetail.swift in Sources */,
				7FD8B4FA2608FD0600822960 /* Persistence.swift in Sources */,
				7FD8B4F42608FD0600822960 /* informes.xcdatamodeld in Sources */,
				7FD8B4F82608FD0600822960 /* ContentView.swift in Sources */,
				7FD8B5122609034200822960 /* Report+CoreDataClass.swift in Sources */,
				7FD8B547260910B600822960 /* TabBarNavigation.swift in Sources */,
			);
			runOnlyForDeploymentPostprocessing = 0;
		};
/* End PBXSourcesBuildPhase section */

/* Begin XCBuildConfiguration section */
		7FD8B4FD2608FD0600822960 /* Debug */ = {
			isa = XCBuildConfiguration;
			buildSettings = {
				ALWAYS_SEARCH_USER_PATHS = NO;
				CLANG_ANALYZER_NONNULL = YES;
				CLANG_ANALYZER_NUMBER_OBJECT_CONVERSION = YES_AGGRESSIVE;
				CLANG_CXX_LANGUAGE_STANDARD = "gnu++14";
				CLANG_CXX_LIBRARY = "libc++";
				CLANG_ENABLE_MODULES = YES;
				CLANG_ENABLE_OBJC_ARC = YES;
				CLANG_ENABLE_OBJC_WEAK = YES;
				CLANG_WARN_BLOCK_CAPTURE_AUTORELEASING = YES;
				CLANG_WARN_BOOL_CONVERSION = YES;
				CLANG_WARN_COMMA = YES;
				CLANG_WARN_CONSTANT_CONVERSION = YES;
				CLANG_WARN_DEPRECATED_OBJC_IMPLEMENTATIONS = YES;
				CLANG_WARN_DIRECT_OBJC_ISA_USAGE = YES_ERROR;
				CLANG_WARN_DOCUMENTATION_COMMENTS = YES;
				CLANG_WARN_EMPTY_BODY = YES;
				CLANG_WARN_ENUM_CONVERSION = YES;
				CLANG_WARN_INFINITE_RECURSION = YES;
				CLANG_WARN_INT_CONVERSION = YES;
				CLANG_WARN_NON_LITERAL_NULL_CONVERSION = YES;
				CLANG_WARN_OBJC_IMPLICIT_RETAIN_SELF = YES;
				CLANG_WARN_OBJC_LITERAL_CONVERSION = YES;
				CLANG_WARN_OBJC_ROOT_CLASS = YES_ERROR;
				CLANG_WARN_QUOTED_INCLUDE_IN_FRAMEWORK_HEADER = YES;
				CLANG_WARN_RANGE_LOOP_ANALYSIS = YES;
				CLANG_WARN_STRICT_PROTOTYPES = YES;
				CLANG_WARN_SUSPICIOUS_MOVE = YES;
				CLANG_WARN_UNGUARDED_AVAILABILITY = YES_AGGRESSIVE;
				CLANG_WARN_UNREACHABLE_CODE = YES;
				CLANG_WARN__DUPLICATE_METHOD_MATCH = YES;
				COPY_PHASE_STRIP = NO;
				DEBUG_INFORMATION_FORMAT = dwarf;
				ENABLE_STRICT_OBJC_MSGSEND = YES;
				ENABLE_TESTABILITY = YES;
				GCC_C_LANGUAGE_STANDARD = gnu11;
				GCC_DYNAMIC_NO_PIC = NO;
				GCC_NO_COMMON_BLOCKS = YES;
				GCC_OPTIMIZATION_LEVEL = 0;
				GCC_PREPROCESSOR_DEFINITIONS = (
					"DEBUG=1",
					"$(inherited)",
				);
				GCC_WARN_64_TO_32_BIT_CONVERSION = YES;
				GCC_WARN_ABOUT_RETURN_TYPE = YES_ERROR;
				GCC_WARN_UNDECLARED_SELECTOR = YES;
				GCC_WARN_UNINITIALIZED_AUTOS = YES_AGGRESSIVE;
				GCC_WARN_UNUSED_FUNCTION = YES;
				GCC_WARN_UNUSED_VARIABLE = YES;
				MTL_ENABLE_DEBUG_INFO = INCLUDE_SOURCE;
				MTL_FAST_MATH = YES;
				ONLY_ACTIVE_ARCH = YES;
				SWIFT_ACTIVE_COMPILATION_CONDITIONS = DEBUG;
				SWIFT_OPTIMIZATION_LEVEL = "-Onone";
			};
			name = Debug;
		};
		7FD8B4FE2608FD0600822960 /* Release */ = {
			isa = XCBuildConfiguration;
			buildSettings = {
				ALWAYS_SEARCH_USER_PATHS = NO;
				CLANG_ANALYZER_NONNULL = YES;
				CLANG_ANALYZER_NUMBER_OBJECT_CONVERSION = YES_AGGRESSIVE;
				CLANG_CXX_LANGUAGE_STANDARD = "gnu++14";
				CLANG_CXX_LIBRARY = "libc++";
				CLANG_ENABLE_MODULES = YES;
				CLANG_ENABLE_OBJC_ARC = YES;
				CLANG_ENABLE_OBJC_WEAK = YES;
				CLANG_WARN_BLOCK_CAPTURE_AUTORELEASING = YES;
				CLANG_WARN_BOOL_CONVERSION = YES;
				CLANG_WARN_COMMA = YES;
				CLANG_WARN_CONSTANT_CONVERSION = YES;
				CLANG_WARN_DEPRECATED_OBJC_IMPLEMENTATIONS = YES;
				CLANG_WARN_DIRECT_OBJC_ISA_USAGE = YES_ERROR;
				CLANG_WARN_DOCUMENTATION_COMMENTS = YES;
				CLANG_WARN_EMPTY_BODY = YES;
				CLANG_WARN_ENUM_CONVERSION = YES;
				CLANG_WARN_INFINITE_RECURSION = YES;
				CLANG_WARN_INT_CONVERSION = YES;
				CLANG_WARN_NON_LITERAL_NULL_CONVERSION = YES;
				CLANG_WARN_OBJC_IMPLICIT_RETAIN_SELF = YES;
				CLANG_WARN_OBJC_LITERAL_CONVERSION = YES;
				CLANG_WARN_OBJC_ROOT_CLASS = YES_ERROR;
				CLANG_WARN_QUOTED_INCLUDE_IN_FRAMEWORK_HEADER = YES;
				CLANG_WARN_RANGE_LOOP_ANALYSIS = YES;
				CLANG_WARN_STRICT_PROTOTYPES = YES;
				CLANG_WARN_SUSPICIOUS_MOVE = YES;
				CLANG_WARN_UNGUARDED_AVAILABILITY = YES_AGGRESSIVE;
				CLANG_WARN_UNREACHABLE_CODE = YES;
				CLANG_WARN__DUPLICATE_METHOD_MATCH = YES;
				COPY_PHASE_STRIP = NO;
				DEBUG_INFORMATION_FORMAT = "dwarf-with-dsym";
				ENABLE_NS_ASSERTIONS = NO;
				ENABLE_STRICT_OBJC_MSGSEND = YES;
				GCC_C_LANGUAGE_STANDARD = gnu11;
				GCC_NO_COMMON_BLOCKS = YES;
				GCC_WARN_64_TO_32_BIT_CONVERSION = YES;
				GCC_WARN_ABOUT_RETURN_TYPE = YES_ERROR;
				GCC_WARN_UNDECLARED_SELECTOR = YES;
				GCC_WARN_UNINITIALIZED_AUTOS = YES_AGGRESSIVE;
				GCC_WARN_UNUSED_FUNCTION = YES;
				GCC_WARN_UNUSED_VARIABLE = YES;
				MTL_ENABLE_DEBUG_INFO = NO;
				MTL_FAST_MATH = YES;
				SWIFT_COMPILATION_MODE = wholemodule;
				SWIFT_OPTIMIZATION_LEVEL = "-O";
			};
			name = Release;
		};
		7FD8B5002608FD0600822960 /* Debug */ = {
			isa = XCBuildConfiguration;
			buildSettings = {
				ASSETCATALOG_COMPILER_APPICON_NAME = AppIcon;
				ASSETCATALOG_COMPILER_GLOBAL_ACCENT_COLOR_NAME = AccentColor;
				CODE_SIGN_ENTITLEMENTS = informes.entitlements;
				CODE_SIGN_STYLE = Automatic;
				DEVELOPMENT_TEAM = 63AJC847ZW;
				ENABLE_PREVIEWS = YES;
				INFOPLIST_FILE = iOS/Info.plist;
				IPHONEOS_DEPLOYMENT_TARGET = 14.0;
				LD_RUNPATH_SEARCH_PATHS = (
					"$(inherited)",
					"@executable_path/Frameworks",
				);
				PRODUCT_BUNDLE_IDENTIFIER = mx.landercorp.informes;
				PRODUCT_NAME = informes;
				SDKROOT = iphoneos;
				SWIFT_VERSION = 5.0;
				TARGETED_DEVICE_FAMILY = "1,2";
			};
			name = Debug;
		};
		7FD8B5012608FD0600822960 /* Release */ = {
			isa = XCBuildConfiguration;
			buildSettings = {
				ASSETCATALOG_COMPILER_APPICON_NAME = AppIcon;
				ASSETCATALOG_COMPILER_GLOBAL_ACCENT_COLOR_NAME = AccentColor;
				CODE_SIGN_ENTITLEMENTS = informes.entitlements;
				CODE_SIGN_STYLE = Automatic;
				DEVELOPMENT_TEAM = 63AJC847ZW;
				ENABLE_PREVIEWS = YES;
				INFOPLIST_FILE = iOS/Info.plist;
				IPHONEOS_DEPLOYMENT_TARGET = 14.0;
				LD_RUNPATH_SEARCH_PATHS = (
					"$(inherited)",
					"@executable_path/Frameworks",
				);
				PRODUCT_BUNDLE_IDENTIFIER = mx.landercorp.informes;
				PRODUCT_NAME = informes;
				SDKROOT = iphoneos;
				SWIFT_VERSION = 5.0;
				TARGETED_DEVICE_FAMILY = "1,2";
				VALIDATE_PRODUCT = YES;
			};
			name = Release;
		};
		7FD8B5032608FD0600822960 /* Debug */ = {
			isa = XCBuildConfiguration;
			buildSettings = {
				ASSETCATALOG_COMPILER_APPICON_NAME = AppIcon;
				ASSETCATALOG_COMPILER_GLOBAL_ACCENT_COLOR_NAME = AccentColor;
				CODE_SIGN_ENTITLEMENTS = macOS/macOS.entitlements;
				CODE_SIGN_STYLE = Automatic;
				COMBINE_HIDPI_IMAGES = YES;
				DEVELOPMENT_TEAM = 63AJC847ZW;
				ENABLE_HARDENED_RUNTIME = YES;
				ENABLE_PREVIEWS = YES;
				INFOPLIST_FILE = macOS/Info.plist;
				LD_RUNPATH_SEARCH_PATHS = (
					"$(inherited)",
					"@executable_path/../Frameworks",
				);
				MACOSX_DEPLOYMENT_TARGET = 11.0;
				PRODUCT_BUNDLE_IDENTIFIER = mx.landercorp.informes;
				PRODUCT_NAME = informes;
				SDKROOT = macosx;
				SWIFT_VERSION = 5.0;
			};
			name = Debug;
		};
		7FD8B5042608FD0600822960 /* Release */ = {
			isa = XCBuildConfiguration;
			buildSettings = {
				ASSETCATALOG_COMPILER_APPICON_NAME = AppIcon;
				ASSETCATALOG_COMPILER_GLOBAL_ACCENT_COLOR_NAME = AccentColor;
				CODE_SIGN_ENTITLEMENTS = macOS/macOS.entitlements;
				CODE_SIGN_STYLE = Automatic;
				COMBINE_HIDPI_IMAGES = YES;
				DEVELOPMENT_TEAM = 63AJC847ZW;
				ENABLE_HARDENED_RUNTIME = YES;
				ENABLE_PREVIEWS = YES;
				INFOPLIST_FILE = macOS/Info.plist;
				LD_RUNPATH_SEARCH_PATHS = (
					"$(inherited)",
					"@executable_path/../Frameworks",
				);
				MACOSX_DEPLOYMENT_TARGET = 11.0;
				PRODUCT_BUNDLE_IDENTIFIER = mx.landercorp.informes;
				PRODUCT_NAME = informes;
				SDKROOT = macosx;
				SWIFT_VERSION = 5.0;
			};
			name = Release;
		};
/* End XCBuildConfiguration section */

/* Begin XCConfigurationList section */
		7FD8B4DB2608FCF900822960 /* Build configuration list for PBXProject "informes" */ = {
			isa = XCConfigurationList;
			buildConfigurations = (
				7FD8B4FD2608FD0600822960 /* Debug */,
				7FD8B4FE2608FD0600822960 /* Release */,
			);
			defaultConfigurationIsVisible = 0;
			defaultConfigurationName = Release;
		};
		7FD8B4FF2608FD0600822960 /* Build configuration list for PBXNativeTarget "informes (iOS)" */ = {
			isa = XCConfigurationList;
			buildConfigurations = (
				7FD8B5002608FD0600822960 /* Debug */,
				7FD8B5012608FD0600822960 /* Release */,
			);
			defaultConfigurationIsVisible = 0;
			defaultConfigurationName = Release;
		};
		7FD8B5022608FD0600822960 /* Build configuration list for PBXNativeTarget "informes (macOS)" */ = {
			isa = XCConfigurationList;
			buildConfigurations = (
				7FD8B5032608FD0600822960 /* Debug */,
				7FD8B5042608FD0600822960 /* Release */,
			);
			defaultConfigurationIsVisible = 0;
			defaultConfigurationName = Release;
		};
/* End XCConfigurationList section */

/* Begin XCVersionGroup section */
		7FD8B4DD2608FCFB00822960 /* informes.xcdatamodeld */ = {
			isa = XCVersionGroup;
			children = (
				7FD8B4DE2608FCFB00822960 /* Shared.xcdatamodel */,
			);
			currentVersion = 7FD8B4DE2608FCFB00822960 /* Shared.xcdatamodel */;
			path = informes.xcdatamodeld;
			sourceTree = "<group>";
			versionGroupType = wrapper.xcdatamodel;
		};
/* End XCVersionGroup section */
	};
	rootObject = 7FD8B4D82608FCF800822960 /* Project object */;
}
